// !$*UTF8*$!
{
	archiveVersion = 1;
	classes = {
	};
	objectVersion = 46;
	objects = {

/* Begin PBXBuildFile section */
		B8C11A041A97795D0072366A /* AppDelegate.swift in Sources */ = {isa = PBXBuildFile; fileRef = B8C11A031A97795D0072366A /* AppDelegate.swift */; };
		B8C11A061A97795D0072366A /* ViewController.swift in Sources */ = {isa = PBXBuildFile; fileRef = B8C11A051A97795D0072366A /* ViewController.swift */; };
		B8C11A091A97795D0072366A /* Main.storyboard in Resources */ = {isa = PBXBuildFile; fileRef = B8C11A071A97795D0072366A /* Main.storyboard */; };
		B8C11A0B1A97795D0072366A /* Images.xcassets in Resources */ = {isa = PBXBuildFile; fileRef = B8C11A0A1A97795D0072366A /* Images.xcassets */; };
		B8C11A0E1A97795D0072366A /* LaunchScreen.xib in Resources */ = {isa = PBXBuildFile; fileRef = B8C11A0C1A97795D0072366A /* LaunchScreen.xib */; };
		B8C11A1A1A97795D0072366A /* Photo_Search_ExampleTests.swift in Sources */ = {isa = PBXBuildFile; fileRef = B8C11A191A97795D0072366A /* Photo_Search_ExampleTests.swift */; };
/* End PBXBuildFile section */

/* Begin PBXContainerItemProxy section */
		B8C11A141A97795D0072366A /* PBXContainerItemProxy */ = {
			isa = PBXContainerItemProxy;
			containerPortal = B8C119F61A97795D0072366A /* Project object */;
			proxyType = 1;
			remoteGlobalIDString = B8C119FD1A97795D0072366A;
			remoteInfo = "Photo Search Example";
		};
/* End PBXContainerItemProxy section */

/* Begin PBXFileReference section */
		B8C119FE1A97795D0072366A /* Photo Search Example.app */ = {isa = PBXFileReference; explicitFileType = wrapper.application; includeInIndex = 0; path = "Photo Search Example.app"; sourceTree = BUILT_PRODUCTS_DIR; };
		B8C11A021A97795D0072366A /* Info.plist */ = {isa = PBXFileReference; lastKnownFileType = text.plist.xml; path = Info.plist; sourceTree = "<group>"; };
		B8C11A031A97795D0072366A /* AppDelegate.swift */ = {isa = PBXFileReference; lastKnownFileType = sourcecode.swift; path = AppDelegate.swift; sourceTree = "<group>"; };
		B8C11A051A97795D0072366A /* ViewController.swift */ = {isa = PBXFileReference; lastKnownFileType = sourcecode.swift; path = ViewController.swift; sourceTree = "<group>"; };
		B8C11A081A97795D0072366A /* Base */ = {isa = PBXFileReference; lastKnownFileType = file.storyboard; name = Base; path = Base.lproj/Main.storyboard; sourceTree = "<group>"; };
		B8C11A0A1A97795D0072366A /* Images.xcassets */ = {isa = PBXFileReference; lastKnownFileType = folder.assetcatalog; path = Images.xcassets; sourceTree = "<group>"; };
		B8C11A0D1A97795D0072366A /* Base */ = {isa = PBXFileReference; lastKnownFileType = file.xib; name = Base; path = Base.lproj/LaunchScreen.xib; sourceTree = "<group>"; };
		B8C11A131A97795D0072366A /* Photo Search ExampleTests.xctest */ = {isa = PBXFileReference; explicitFileType = wrapper.cfbundle; includeInIndex = 0; path = "Photo Search ExampleTests.xctest"; sourceTree = BUILT_PRODUCTS_DIR; };
		B8C11A181A97795D0072366A /* Info.plist */ = {isa = PBXFileReference; lastKnownFileType = text.plist.xml; path = Info.plist; sourceTree = "<group>"; };
		B8C11A191A97795D0072366A /* Photo_Search_ExampleTests.swift */ = {isa = PBXFileReference; lastKnownFileType = sourcecode.swift; path = Photo_Search_ExampleTests.swift; sourceTree = "<group>"; };
/* End PBXFileReference section */

/* Begin PBXFrameworksBuildPhase section */
		B8C119FB1A97795D0072366A /* Frameworks */ = {
			isa = PBXFrameworksBuildPhase;
			buildActionMask = 2147483647;
			files = (
			);
			runOnlyForDeploymentPostprocessing = 0;
		};
		B8C11A101A97795D0072366A /* Frameworks */ = {
			isa = PBXFrameworksBuildPhase;
			buildActionMask = 2147483647;
			files = (
			);
			runOnlyForDeploymentPostprocessing = 0;
		};
/* End PBXFrameworksBuildPhase section */

/* Begin PBXGroup section */
		B8C119F51A97795D0072366A = {
			isa = PBXGroup;
			children = (
				B8C11A001A97795D0072366A /* Photo Search Example */,
				B8C11A161A97795D0072366A /* Photo Search ExampleTests */,
				B8C119FF1A97795D0072366A /* Products */,
			);
			sourceTree = "<group>";
		};
		B8C119FF1A97795D0072366A /* Products */ = {
			isa = PBXGroup;
			children = (
				B8C119FE1A97795D0072366A /* Photo Search Example.app */,
				B8C11A131A97795D0072366A /* Photo Search ExampleTests.xctest */,
			);
			name = Products;
			sourceTree = "<group>";
		};
		B8C11A001A97795D0072366A /* Photo Search Example */ = {
			isa = PBXGroup;
			children = (
				B8C11A031A97795D0072366A /* AppDelegate.swift */,
				B8C11A051A97795D0072366A /* ViewController.swift */,
				B8C11A071A97795D0072366A /* Main.storyboard */,
				B8C11A0A1A97795D0072366A /* Images.xcassets */,
				B8C11A0C1A97795D0072366A /* LaunchScreen.xib */,
				B8C11A011A97795D0072366A /* Supporting Files */,
			);
			path = "Photo Search Example";
			sourceTree = "<group>";
		};
		B8C11A011A97795D0072366A /* Supporting Files */ = {
			isa = PBXGroup;
			children = (
				B8C11A021A97795D0072366A /* Info.plist */,
			);
			name = "Supporting Files";
			sourceTree = "<group>";
		};
		B8C11A161A97795D0072366A /* Photo Search ExampleTests */ = {
			isa = PBXGroup;
			children = (
				B8C11A191A97795D0072366A /* Photo_Search_ExampleTests.swift */,
				B8C11A171A97795D0072366A /* Supporting Files */,
			);
			path = "Photo Search ExampleTests";
			sourceTree = "<group>";
		};
		B8C11A171A97795D0072366A /* Supporting Files */ = {
			isa = PBXGroup;
			children = (
				B8C11A181A97795D0072366A /* Info.plist */,
			);
			name = "Supporting Files";
			sourceTree = "<group>";
		};
/* End PBXGroup section */

/* Begin PBXNativeTarget section */
		B8C119FD1A97795D0072366A /* Photo Search Example */ = {
			isa = PBXNativeTarget;
			buildConfigurationList = B8C11A1D1A97795D0072366A /* Build configuration list for PBXNativeTarget "Photo Search Example" */;
			buildPhases = (
				B8C119FA1A97795D0072366A /* Sources */,
				B8C119FB1A97795D0072366A /* Frameworks */,
				B8C119FC1A97795D0072366A /* Resources */,
			);
			buildRules = (
			);
			dependencies = (
			);
			name = "Photo Search Example";
			productName = "Photo Search Example";
			productReference = B8C119FE1A97795D0072366A /* Photo Search Example.app */;
			productType = "com.apple.product-type.application";
		};
		B8C11A121A97795D0072366A /* Photo Search ExampleTests */ = {
			isa = PBXNativeTarget;
			buildConfigurationList = B8C11A201A97795D0072366A /* Build configuration list for PBXNativeTarget "Photo Search ExampleTests" */;
			buildPhases = (
				B8C11A0F1A97795D0072366A /* Sources */,
				B8C11A101A97795D0072366A /* Frameworks */,
				B8C11A111A97795D0072366A /* Resources */,
			);
			buildRules = (
			);
			dependencies = (
				B8C11A151A97795D0072366A /* PBXTargetDependency */,
			);
			name = "Photo Search ExampleTests";
			productName = "Photo Search ExampleTests";
			productReference = B8C11A131A97795D0072366A /* Photo Search ExampleTests.xctest */;
			productType = "com.apple.product-type.bundle.unit-test";
		};
/* End PBXNativeTarget section */

/* Begin PBXProject section */
		B8C119F61A97795D0072366A /* Project object */ = {
			isa = PBXProject;
			attributes = {
				LastUpgradeCheck = 0610;
				ORGANIZATIONNAME = "Gerald Dunn";
				TargetAttributes = {
					B8C119FD1A97795D0072366A = {
						CreatedOnToolsVersion = 6.1.1;
					};
					B8C11A121A97795D0072366A = {
						CreatedOnToolsVersion = 6.1.1;
						TestTargetID = B8C119FD1A97795D0072366A;
					};
				};
			};
			buildConfigurationList = B8C119F91A97795D0072366A /* Build configuration list for PBXProject "Photo Search Example" */;
			compatibilityVersion = "Xcode 3.2";
			developmentRegion = English;
			hasScannedForEncodings = 0;
			knownRegions = (
				en,
				Base,
			);
			mainGroup = B8C119F51A97795D0072366A;
			productRefGroup = B8C119FF1A97795D0072366A /* Products */;
			projectDirPath = "";
			projectRoot = "";
			targets = (
				B8C119FD1A97795D0072366A /* Photo Search Example */,
				B8C11A121A97795D0072366A /* Photo Search ExampleTests */,
			);
		};
/* End PBXProject section */

/* Begin PBXResourcesBuildPhase section */
		B8C119FC1A97795D0072366A /* Resources */ = {
			isa = PBXResourcesBuildPhase;
			buildActionMask = 2147483647;
			files = (
				B8C11A091A97795D0072366A /* Main.storyboard in Resources */,
				B8C11A0E1A97795D0072366A /* LaunchScreen.xib in Resources */,
				B8C11A0B1A97795D0072366A /* Images.xcassets in Resources */,
			);
			runOnlyForDeploymentPostprocessing = 0;
		};
		B8C11A111A97795D0072366A /* Resources */ = {
			isa = PBXResourcesBuildPhase;
			buildActionMask = 2147483647;
			files = (
			);
			runOnlyForDeploymentPostprocessing = 0;
		};
/* End PBXResourcesBuildPhase section */

/* Begin PBXSourcesBuildPhase section */
		B8C119FA1A97795D0072366A /* Sources */ = {
			isa = PBXSourcesBuildPhase;
			buildActionMask = 2147483647;
			files = (
				B8C11A061A97795D0072366A /* ViewController.swift in Sources */,
				B8C11A041A97795D0072366A /* AppDelegate.swift in Sources */,
			);
			runOnlyForDeploymentPostprocessing = 0;
		};
		B8C11A0F1A97795D0072366A /* Sources */ = {
			isa = PBXSourcesBuildPhase;
			buildActionMask = 2147483647;
			files = (
				B8C11A1A1A97795D0072366A /* Photo_Search_ExampleTests.swift in Sources */,
			);
			runOnlyForDeploymentPostprocessing = 0;
		};
/* End PBXSourcesBuildPhase section */

/* Begin PBXTargetDependency section */
		B8C11A151A97795D0072366A /* PBXTargetDependency */ = {
			isa = PBXTargetDependency;
			target = B8C119FD1A97795D0072366A /* Photo Search Example */;
			targetProxy = B8C11A141A97795D0072366A /* PBXContainerItemProxy */;
		};
/* End PBXTargetDependency section */

/* Begin PBXVariantGroup section */
		B8C11A071A97795D0072366A /* Main.storyboard */ = {
			isa = PBXVariantGroup;
			children = (
				B8C11A081A97795D0072366A /* Base */,
			);
			name = Main.storyboard;
			sourceTree = "<group>";
		};
		B8C11A0C1A97795D0072366A /* LaunchScreen.xib */ = {
			isa = PBXVariantGroup;
			children = (
				B8C11A0D1A97795D0072366A /* Base */,
			);
			name = LaunchScreen.xib;
			sourceTree = "<group>";
		};
/* End PBXVariantGroup section */

/* Begin XCBuildConfiguration section */
		B8C11A1B1A97795D0072366A /* Debug */ = {
			isa = XCBuildConfiguration;
			buildSettings = {
				ALWAYS_SEARCH_USER_PATHS = NO;
				CLANG_CXX_LANGUAGE_STANDARD = "gnu++0x";
				CLANG_CXX_LIBRARY = "libc++";
				CLANG_ENABLE_MODULES = YES;
				CLANG_ENABLE_OBJC_ARC = YES;
				CLANG_WARN_BOOL_CONVERSION = YES;
				CLANG_WARN_CONSTANT_CONVERSION = YES;
				CLANG_WARN_DIRECT_OBJC_ISA_USAGE = YES_ERROR;
				CLANG_WARN_EMPTY_BODY = YES;
				CLANG_WARN_ENUM_CONVERSION = YES;
				CLANG_WARN_INT_CONVERSION = YES;
				CLANG_WARN_OBJC_ROOT_CLASS = YES_ERROR;
				CLANG_WARN_UNREACHABLE_CODE = YES;
				CLANG_WARN__DUPLICATE_METHOD_MATCH = YES;
				"CODE_SIGN_IDENTITY[sdk=iphoneos*]" = "iPhone Developer";
				COPY_PHASE_STRIP = NO;
				ENABLE_STRICT_OBJC_MSGSEND = YES;
				GCC_C_LANGUAGE_STANDARD = gnu99;
				GCC_DYNAMIC_NO_PIC = NO;
				GCC_OPTIMIZATION_LEVEL = 0;
				GCC_PREPROCESSOR_DEFINITIONS = (
					"DEBUG=1",
					"$(inherited)",
				);
				GCC_SYMBOLS_PRIVATE_EXTERN = NO;
				GCC_WARN_64_TO_32_BIT_CONVERSION = YES;
				GCC_WARN_ABOUT_RETURN_TYPE = YES_ERROR;
				GCC_WARN_UNDECLARED_SELECTOR = YES;
				GCC_WARN_UNINITIALIZED_AUTOS = YES_AGGRESSIVE;
				GCC_WARN_UNUSED_FUNCTION = YES;
				GCC_WARN_UNUSED_VARIABLE = YES;
				IPHONEOS_DEPLOYMENT_TARGET = 8.1;
				MTL_ENABLE_DEBUG_INFO = YES;
				ONLY_ACTIVE_ARCH = YES;
				SDKROOT = iphoneos;
				SWIFT_OPTIMIZATION_LEVEL = "-Onone";
				TARGETED_DEVICE_FAMILY = "1,2";
			};
			name = Debug;
		};
		B8C11A1C1A97795D0072366A /* Release */ = {
			isa = XCBuildConfiguration;
			buildSettings = {
				ALWAYS_SEARCH_USER_PATHS = NO;
				CLANG_CXX_LANGUAGE_STANDARD = "gnu++0x";
				CLANG_CXX_LIBRARY = "libc++";
				CLANG_ENABLE_MODULES = YES;
				CLANG_ENABLE_OBJC_ARC = YES;
				CLANG_WARN_BOOL_CONVERSION = YES;
				CLANG_WARN_CONSTANT_CONVERSION = YES;
				CLANG_WARN_DIRECT_OBJC_ISA_USAGE = YES_ERROR;
				CLANG_WARN_EMPTY_BODY = YES;
				CLANG_WARN_ENUM_CONVERSION = YES;
				CLANG_WARN_INT_CONVERSION = YES;
				CLANG_WARN_OBJC_ROOT_CLASS = YES_ERROR;
				CLANG_WARN_UNREACHABLE_CODE = YES;
				CLANG_WARN__DUPLICATE_METHOD_MATCH = YES;
				"CODE_SIGN_IDENTITY[sdk=iphoneos*]" = "iPhone Developer";
				COPY_PHASE_STRIP = YES;
				ENABLE_NS_ASSERTIONS = NO;
				ENABLE_STRICT_OBJC_MSGSEND = YES;
				GCC_C_LANGUAGE_STANDARD = gnu99;
				GCC_WARN_64_TO_32_BIT_CONVERSION = YES;
				GCC_WARN_ABOUT_RETURN_TYPE = YES_ERROR;
				GCC_WARN_UNDECLARED_SELECTOR = YES;
				GCC_WARN_UNINITIALIZED_AUTOS = YES_AGGRESSIVE;
				GCC_WARN_UNUSED_FUNCTION = YES;
				GCC_WARN_UNUSED_VARIABLE = YES;
				IPHONEOS_DEPLOYMENT_TARGET = 8.1;
				MTL_ENABLE_DEBUG_INFO = NO;
				SDKROOT = iphoneos;
				TARGETED_DEVICE_FAMILY = "1,2";
				VALIDATE_PRODUCT = YES;
			};
			name = Release;
		};
		B8C11A1E1A97795D0072366A /* Debug */ = {
			isa = XCBuildConfiguration;
			buildSettings = {
				ASSETCATALOG_COMPILER_APPICON_NAME = AppIcon;
				INFOPLIST_FILE = "Photo Search Example/Info.plist";
				LD_RUNPATH_SEARCH_PATHS = "$(inherited) @executable_path/Frameworks";
				PRODUCT_NAME = "$(TARGET_NAME)";
			};
			name = Debug;
		};
		B8C11A1F1A97795D0072366A /* Release */ = {
			isa = XCBuildConfiguration;
			buildSettings = {
				ASSETCATALOG_COMPILER_APPICON_NAME = AppIcon;
				INFOPLIST_FILE = "Photo Search Example/Info.plist";
				LD_RUNPATH_SEARCH_PATHS = "$(inherited) @executable_path/Frameworks";
				PRODUCT_NAME = "$(TARGET_NAME)";
			};
			name = Release;
		};
		B8C11A211A97795D0072366A /* Debug */ = {
			isa = XCBuildConfiguration;
			buildSettings = {
				BUNDLE_LOADER = "$(TEST_HOST)";
				FRAMEWORK_SEARCH_PATHS = (
					"$(SDKROOT)/Developer/Library/Frameworks",
					"$(inherited)",
				);
				GCC_PREPROCESSOR_DEFINITIONS = (
					"DEBUG=1",
					"$(inherited)",
				);
				INFOPLIST_FILE = "Photo Search ExampleTests/Info.plist";
				LD_RUNPATH_SEARCH_PATHS = "$(inherited) @executable_path/Frameworks @loader_path/Frameworks";
				PRODUCT_NAME = "$(TARGET_NAME)";
				TEST_HOST = "$(BUILT_PRODUCTS_DIR)/Photo Search Example.app/Photo Search Example";
			};
			name = Debug;
		};
		B8C11A221A97795D0072366A /* Release */ = {
			isa = XCBuildConfiguration;
			buildSettings = {
				BUNDLE_LOADER = "$(TEST_HOST)";
				FRAMEWORK_SEARCH_PATHS = (
					"$(SDKROOT)/Developer/Library/Frameworks",
					"$(inherited)",
				);
				INFOPLIST_FILE = "Photo Search ExampleTests/Info.plist";
				LD_RUNPATH_SEARCH_PATHS = "$(inherited) @executable_path/Frameworks @loader_path/Frameworks";
				PRODUCT_NAME = "$(TARGET_NAME)";
				TEST_HOST = "$(BUILT_PRODUCTS_DIR)/Photo Search Example.app/Photo Search Example";
			};
			name = Release;
		};
/* End XCBuildConfiguration section */

/* Begin XCConfigurationList section */
		B8C119F91A97795D0072366A /* Build configuration list for PBXProject "Photo Search Example" */ = {
			isa = XCConfigurationList;
			buildConfigurations = (
				B8C11A1B1A97795D0072366A /* Debug */,
				B8C11A1C1A97795D0072366A /* Release */,
			);
			defaultConfigurationIsVisible = 0;
			defaultConfigurationName = Release;
		};
		B8C11A1D1A97795D0072366A /* Build configuration list for PBXNativeTarget "Photo Search Example" */ = {
			isa = XCConfigurationList;
			buildConfigurations = (
				B8C11A1E1A97795D0072366A /* Debug */,
				B8C11A1F1A97795D0072366A /* Release */,
			);
			defaultConfigurationIsVisible = 0;
		};
		B8C11A201A97795D0072366A /* Build configuration list for PBXNativeTarget "Photo Search ExampleTests" */ = {
			isa = XCConfigurationList;
			buildConfigurations = (
				B8C11A211A97795D0072366A /* Debug */,
				B8C11A221A97795D0072366A /* Release */,
			);
			defaultConfigurationIsVisible = 0;
		};
/* End XCConfigurationList section */
	};
	rootObject = B8C119F61A97795D0072366A /* Project object */;
}
